
Microsoft Visual Studio Solution File, Format Version 12.00
# Visual Studio Version 17
VisualStudioVersion = 17.10.34928.147
MinimumVisualStudioVersion = 10.0.40219.1
Project("{FAE04EC0-301F-11D3-BF4B-00C04F79EFBC}") = "FriuitBasket", "FriuitBasket\FriuitBasket.csproj", "{95C5E660-4987-4849-9023-E9BEE4C8F203}"
EndProject
Global
	GlobalSection(SolutionConfigurationPlatforms) = preSolution
		Debug|Any CPU = Debug|Any CPU
		Release|Any CPU = Release|Any CPU
	EndGlobalSection
	GlobalSection(ProjectConfigurationPlatforms) = postSolution
		{95C5E660-4987-4849-9023-E9BEE4C8F203}.Debug|Any CPU.ActiveCfg = Debug|Any CPU
		{95C5E660-4987-4849-9023-E9BEE4C8F203}.Debug|Any CPU.Build.0 = Debug|Any CPU
		{95C5E660-4987-4849-9023-E9BEE4C8F203}.Release|Any CPU.ActiveCfg = Release|Any CPU
		{95C5E660-4987-4849-9023-E9BEE4C8F203}.Release|Any CPU.Build.0 = Release|Any CPU
	EndGlobalSection
	GlobalSection(SolutionProperties) = preSolution
		HideSolutionNode = FALSE
	EndGlobalSection
	GlobalSection(ExtensibilityGlobals) = postSolution
		SolutionGuid = {CBC0323A-1C8C-4159-82FD-4C7EDB03AA5D}
	EndGlobalSection
EndGlobal
